{
  "nodes": {
    "ags": {
      "inputs": {
        "nixpkgs": "nixpkgs"
      },
      "locked": {
        "lastModified": 1699817941,
        "narHash": "sha256-Yos4QFOaUOdjUu21Aira7RhllLkSiE1u2yNn/PcyBqI=",
        "owner": "Aylur",
        "repo": "ags",
        "rev": "54fd9cf50c428bc8760ef20f05f6daffcb821896",
        "type": "github"
      },
      "original": {
        "owner": "Aylur",
        "repo": "ags",
        "type": "github"
      }
    },
    "anyrun": {
      "inputs": {
        "flake-parts": "flake-parts",
        "nixpkgs": [
          "nixpkgs"
        ]
      },
      "locked": {
        "lastModified": 1696926085,
        "narHash": "sha256-PuaKdM4Nems/wQ2B+K7hI2UJYld/+64NdkcsYD1YJwM=",
        "owner": "Kirottu",
        "repo": "anyrun",
        "rev": "f9073a6184f61a07bb584ecc47fbb8eb997e9216",
        "type": "github"
      },
      "original": {
        "owner": "Kirottu",
        "repo": "anyrun",
        "type": "github"
      }
    },
    "crane": {
      "inputs": {
        "nixpkgs": [
          "ironbar",
          "nixpkgs"
        ]
      },
      "locked": {
        "lastModified": 1698166613,
        "narHash": "sha256-y4rdN4flxRiROqNi1waMYIZj/Fs7L2OrszFk/1ry9vU=",
        "owner": "ipetkov",
        "repo": "crane",
        "rev": "b7db46f0f1751f7b1d1911f6be7daf568ad5bc65",
        "type": "github"
      },
      "original": {
        "owner": "ipetkov",
        "repo": "crane",
        "type": "github"
      }
    },
    "deploy-rs": {
      "inputs": {
        "flake-compat": "flake-compat",
        "nixpkgs": [
          "nixpkgs"
        ],
        "utils": "utils"
      },
      "locked": {
        "lastModified": 1698921442,
        "narHash": "sha256-7KmvhQ7FuXlT/wG4zjTssap6maVqeAMBdtel+VjClSM=",
        "owner": "serokell",
        "repo": "deploy-rs",
        "rev": "660180bbbeae7d60dad5a92b30858306945fd427",
        "type": "github"
      },
      "original": {
        "owner": "serokell",
        "repo": "deploy-rs",
        "type": "github"
      }
    },
    "flake-compat": {
      "flake": false,
      "locked": {
        "lastModified": 1668681692,
        "narHash": "sha256-Ht91NGdewz8IQLtWZ9LCeNXMSXHUss+9COoqu6JLmXU=",
        "owner": "edolstra",
        "repo": "flake-compat",
        "rev": "009399224d5e398d03b22badca40a37ac85412a1",
        "type": "github"
      },
      "original": {
        "owner": "edolstra",
        "repo": "flake-compat",
        "type": "github"
      }
    },
    "flake-compat_2": {
      "flake": false,
      "locked": {
        "lastModified": 1696426674,
        "narHash": "sha256-kvjfFW7WAETZlt09AgDn1MrtKzP7t90Vf7vypd3OL1U=",
        "owner": "edolstra",
        "repo": "flake-compat",
        "rev": "0f9255e01c2351cc7d116c072cb317785dd33b33",
        "type": "github"
      },
      "original": {
        "owner": "edolstra",
        "repo": "flake-compat",
        "type": "github"
      }
    },
    "flake-parts": {
      "inputs": {
        "nixpkgs-lib": [
          "anyrun",
          "nixpkgs"
        ]
      },
      "locked": {
        "lastModified": 1696343447,
        "narHash": "sha256-B2xAZKLkkeRFG5XcHHSXXcP7To9Xzr59KXeZiRf4vdQ=",
        "owner": "hercules-ci",
        "repo": "flake-parts",
        "rev": "c9afaba3dfa4085dbd2ccb38dfade5141e33d9d4",
        "type": "github"
      },
      "original": {
        "owner": "hercules-ci",
        "repo": "flake-parts",
        "type": "github"
      }
    },
    "flake-parts_2": {
      "inputs": {
        "nixpkgs-lib": "nixpkgs-lib"
      },
      "locked": {
        "lastModified": 1698579227,
        "narHash": "sha256-KVWjFZky+gRuWennKsbo6cWyo7c/z/VgCte5pR9pEKg=",
        "owner": "hercules-ci",
        "repo": "flake-parts",
        "rev": "f76e870d64779109e41370848074ac4eaa1606ec",
        "type": "github"
      },
      "original": {
        "owner": "hercules-ci",
        "repo": "flake-parts",
        "type": "github"
      }
    },
    "flake-parts_3": {
      "inputs": {
        "nixpkgs-lib": "nixpkgs-lib_2"
      },
      "locked": {
        "lastModified": 1698882062,
        "narHash": "sha256-HkhafUayIqxXyHH1X8d9RDl1M2CkFgZLjKD3MzabiEo=",
        "owner": "hercules-ci",
        "repo": "flake-parts",
        "rev": "8c9fa2545007b49a5db5f650ae91f227672c3877",
        "type": "github"
      },
      "original": {
        "owner": "hercules-ci",
        "repo": "flake-parts",
        "type": "github"
      }
    },
    "flake-parts_4": {
      "inputs": {
        "nixpkgs-lib": "nixpkgs-lib_3"
      },
      "locked": {
        "lastModified": 1698882062,
        "narHash": "sha256-HkhafUayIqxXyHH1X8d9RDl1M2CkFgZLjKD3MzabiEo=",
        "owner": "hercules-ci",
        "repo": "flake-parts",
        "rev": "8c9fa2545007b49a5db5f650ae91f227672c3877",
        "type": "github"
      },
      "original": {
        "owner": "hercules-ci",
        "repo": "flake-parts",
        "type": "github"
      }
    },
    "flake-utils": {
      "inputs": {
        "systems": "systems_2"
      },
      "locked": {
        "lastModified": 1681202837,
        "narHash": "sha256-H+Rh19JDwRtpVPAWp64F+rlEtxUWBAQW28eAi3SRSzg=",
        "owner": "numtide",
        "repo": "flake-utils",
        "rev": "cfacdce06f30d2b68473a46042957675eebb3401",
        "type": "github"
      },
      "original": {
        "owner": "numtide",
        "repo": "flake-utils",
        "type": "github"
      }
    },
    "flake-utils_2": {
      "inputs": {
        "systems": "systems_3"
      },
      "locked": {
        "lastModified": 1685518550,
        "narHash": "sha256-o2d0KcvaXzTrPRIo0kOLV0/QXHhDQ5DTi+OxcjO8xqY=",
        "owner": "numtide",
        "repo": "flake-utils",
        "rev": "a1720a10a6cfe8234c0e93907ffe81be440f4cef",
        "type": "github"
      },
      "original": {
        "owner": "numtide",
        "repo": "flake-utils",
        "type": "github"
      }
    },
    "gitignore": {
      "inputs": {
        "nixpkgs": [
          "prismlauncher",
          "pre-commit-hooks",
          "nixpkgs"
        ]
      },
      "locked": {
        "lastModified": 1660459072,
        "narHash": "sha256-8DFJjXG8zqoONA1vXtgeKXy68KdJL5UaXR8NtVMUbx8=",
        "owner": "hercules-ci",
        "repo": "gitignore.nix",
        "rev": "a20de23b925fd8264fd7fad6454652e142fd7f73",
        "type": "github"
      },
      "original": {
        "owner": "hercules-ci",
        "repo": "gitignore.nix",
        "type": "github"
      }
    },
    "home-manager": {
      "inputs": {
        "nixpkgs": [
          "nixpkgs"
        ]
      },
      "locked": {
        "lastModified": 1699783872,
        "narHash": "sha256-4zTwLT2LL45Nmo6iwKB3ls3hWodVP9DiSWxki/oewWE=",
        "owner": "nix-community",
        "repo": "home-manager",
        "rev": "280721186ab75a76537713ec310306f0eba3e407",
        "type": "github"
      },
      "original": {
        "owner": "nix-community",
        "repo": "home-manager",
        "type": "github"
      }
    },
    "hyprland": {
      "inputs": {
        "hyprland-protocols": "hyprland-protocols",
        "nixpkgs": "nixpkgs_2",
        "systems": "systems",
        "wlroots": "wlroots",
        "xdph": "xdph"
      },
      "locked": {
        "lastModified": 1699991507,
        "narHash": "sha256-cX9QJkulEtvwgCgpOV3gCFrb7AT8yRr03nXenPIIVeI=",
        "owner": "hyprwm",
        "repo": "Hyprland",
        "rev": "e8469f8b1bb184a08351ee3cc3fcc4d0638eb90b",
        "type": "github"
      },
      "original": {
        "owner": "hyprwm",
        "repo": "Hyprland",
        "type": "github"
      }
    },
    "hyprland-plugins": {
      "inputs": {
        "hyprland": [
          "hyprland"
        ]
      },
      "locked": {
        "lastModified": 1699829380,
        "narHash": "sha256-KSLTqvOIzv12IDJHPBKsrKd4eWOEKQBLEQr15PATMjE=",
        "owner": "hyprwm",
        "repo": "hyprland-plugins",
        "rev": "9ad145a1021ea48beec65f234137d23e05c30918",
        "type": "github"
      },
      "original": {
        "owner": "hyprwm",
        "repo": "hyprland-plugins",
        "type": "github"
      }
    },
    "hyprland-protocols": {
      "inputs": {
        "nixpkgs": [
          "hyprland",
          "nixpkgs"
        ],
        "systems": [
          "hyprland",
          "systems"
        ]
      },
      "locked": {
        "lastModified": 1691753796,
        "narHash": "sha256-zOEwiWoXk3j3+EoF3ySUJmberFewWlagvewDRuWYAso=",
        "owner": "hyprwm",
        "repo": "hyprland-protocols",
        "rev": "0c2ce70625cb30aef199cb388f99e19a61a6ce03",
        "type": "github"
      },
      "original": {
        "owner": "hyprwm",
        "repo": "hyprland-protocols",
        "type": "github"
      }
    },
    "ironbar": {
      "inputs": {
        "crane": "crane",
        "naersk": "naersk",
        "nixpkgs": [
          "nixpkgs"
        ],
        "rust-overlay": "rust-overlay"
      },
      "locked": {
        "lastModified": 1699903489,
        "narHash": "sha256-j/qZoN22170Kc0I2I4xcJXtDgBdiUECZmxjF71LrY/8=",
        "owner": "JakeStanger",
        "repo": "ironbar",
        "rev": "422edb315298b3e408b8d38ba3a73c5dca960869",
        "type": "github"
      },
      "original": {
        "owner": "JakeStanger",
        "repo": "ironbar",
        "type": "github"
      }
    },
    "libnbtplusplus": {
      "flake": false,
      "locked": {
        "lastModified": 1699286814,
        "narHash": "sha256-yy0q+bky80LtK1GWzz7qpM+aAGrOqLuewbid8WT1ilk=",
        "owner": "PrismLauncher",
        "repo": "libnbtplusplus",
        "rev": "23b955121b8217c1c348a9ed2483167a6f3ff4ad",
        "type": "github"
      },
      "original": {
        "owner": "PrismLauncher",
        "repo": "libnbtplusplus",
        "type": "github"
      }
    },
    "matugen": {
      "inputs": {
        "nixpkgs": "nixpkgs_4"
      },
      "locked": {
        "lastModified": 1699979288,
        "narHash": "sha256-OOujVLsWC4ZDj0glgW8DZvr2wqo5ah0s8mOaTuC9p4g=",
        "owner": "InioX",
        "repo": "Matugen",
        "rev": "0a5aff1e390221b090ef244141d1f229b15f8c90",
        "type": "github"
      },
      "original": {
        "owner": "InioX",
        "repo": "Matugen",
        "type": "github"
      }
    },
    "naersk": {
      "inputs": {
        "nixpkgs": "nixpkgs_3"
      },
      "locked": {
        "lastModified": 1698420672,
        "narHash": "sha256-/TdeHMPRjjdJub7p7+w55vyABrsJlt5QkznPYy55vKA=",
        "owner": "nix-community",
        "repo": "naersk",
        "rev": "aeb58d5e8faead8980a807c840232697982d47b9",
        "type": "github"
      },
      "original": {
        "owner": "nix-community",
        "repo": "naersk",
        "type": "github"
      }
    },
    "nh": {
      "inputs": {
        "flake-parts": "flake-parts_2",
        "nix-filter": "nix-filter",
        "nixpkgs": [
          "nixpkgs"
        ]
      },
      "locked": {
        "lastModified": 1698826948,
        "narHash": "sha256-Th05oofIIhsN2bmJNsb0Xev3+RJgtk8stjHZX9EdWA0=",
        "owner": "viperML",
        "repo": "nh",
        "rev": "23d21975231d569afbe3973eb19d955c650f8f08",
        "type": "github"
      },
      "original": {
        "owner": "viperML",
        "repo": "nh",
        "type": "github"
      }
    },
    "nix-filter": {
      "locked": {
        "lastModified": 1694857738,
        "narHash": "sha256-bxxNyLHjhu0N8T3REINXQ2ZkJco0ABFPn6PIe2QUfqo=",
        "owner": "numtide",
        "repo": "nix-filter",
        "rev": "41fd48e00c22b4ced525af521ead8792402de0ea",
        "type": "github"
      },
      "original": {
        "owner": "numtide",
        "repo": "nix-filter",
        "type": "github"
      }
    },
    "nix-filter_2": {
      "locked": {
        "lastModified": 1694857738,
        "narHash": "sha256-bxxNyLHjhu0N8T3REINXQ2ZkJco0ABFPn6PIe2QUfqo=",
        "owner": "numtide",
        "repo": "nix-filter",
        "rev": "41fd48e00c22b4ced525af521ead8792402de0ea",
        "type": "github"
      },
      "original": {
        "owner": "numtide",
        "repo": "nix-filter",
        "type": "github"
      }
    },
    "nix-gaming": {
      "inputs": {
        "flake-parts": "flake-parts_3",
        "nixpkgs": "nixpkgs_5"
      },
      "locked": {
        "lastModified": 1700010845,
        "narHash": "sha256-Zpd6vdDBsL8phO9QlIPX/h01v2LCOPlsrJQreOSenoQ=",
        "owner": "fufexan",
        "repo": "nix-gaming",
        "rev": "92d6637940bf86746a4f5efa7b86e1d94090b351",
        "type": "github"
      },
      "original": {
        "owner": "fufexan",
        "repo": "nix-gaming",
        "type": "github"
      }
    },
    "nix-index-database": {
      "inputs": {
        "nixpkgs": [
          "nixpkgs"
        ]
      },
      "locked": {
        "lastModified": 1699760693,
        "narHash": "sha256-u/gkNUHQR/q23voqE5J4xmEWQIAqR+g3lUnCtzn0k7Y=",
        "owner": "Mic92",
        "repo": "nix-index-database",
        "rev": "8aff4ca3dee60d1422489fe8d52c2f837b3ad113",
        "type": "github"
      },
      "original": {
        "owner": "Mic92",
        "repo": "nix-index-database",
        "type": "github"
      }
    },
    "nixpkgs": {
      "locked": {
        "lastModified": 1693471703,
        "narHash": "sha256-0l03ZBL8P1P6z8MaSDS/MvuU8E75rVxe5eE1N6gxeTo=",
        "owner": "NixOS",
        "repo": "nixpkgs",
        "rev": "3e52e76b70d5508f3cec70b882a29199f4d1ee85",
        "type": "github"
      },
      "original": {
        "owner": "NixOS",
        "ref": "nixos-unstable",
        "repo": "nixpkgs",
        "type": "github"
      }
    },
    "nixpkgs-lib": {
      "locked": {
        "dir": "lib",
        "lastModified": 1696019113,
        "narHash": "sha256-X3+DKYWJm93DRSdC5M6K5hLqzSya9BjibtBsuARoPco=",
        "owner": "NixOS",
        "repo": "nixpkgs",
        "rev": "f5892ddac112a1e9b3612c39af1b72987ee5783a",
        "type": "github"
      },
      "original": {
        "dir": "lib",
        "owner": "NixOS",
        "ref": "nixos-unstable",
        "repo": "nixpkgs",
        "type": "github"
      }
    },
    "nixpkgs-lib_2": {
      "locked": {
        "dir": "lib",
        "lastModified": 1698611440,
        "narHash": "sha256-jPjHjrerhYDy3q9+s5EAsuhyhuknNfowY6yt6pjn9pc=",
        "owner": "NixOS",
        "repo": "nixpkgs",
        "rev": "0cbe9f69c234a7700596e943bfae7ef27a31b735",
        "type": "github"
      },
      "original": {
        "dir": "lib",
        "owner": "NixOS",
        "ref": "nixos-unstable",
        "repo": "nixpkgs",
        "type": "github"
      }
    },
    "nixpkgs-lib_3": {
      "locked": {
        "dir": "lib",
        "lastModified": 1698611440,
        "narHash": "sha256-jPjHjrerhYDy3q9+s5EAsuhyhuknNfowY6yt6pjn9pc=",
        "owner": "NixOS",
        "repo": "nixpkgs",
        "rev": "0cbe9f69c234a7700596e943bfae7ef27a31b735",
        "type": "github"
      },
      "original": {
        "dir": "lib",
        "owner": "NixOS",
        "ref": "nixos-unstable",
        "repo": "nixpkgs",
        "type": "github"
      }
    },
    "nixpkgs-stable": {
      "locked": {
        "lastModified": 1699756042,
        "narHash": "sha256-bHHjQQBsEPOxLL+klYU2lYshDnnWY12SewzQ7n5ab2M=",
        "owner": "NixOS",
        "repo": "nixpkgs",
        "rev": "9502d0245983bb233da8083b55d60d96fd3c29ff",
        "type": "github"
      },
      "original": {
        "owner": "NixOS",
        "ref": "release-23.05",
        "repo": "nixpkgs",
        "type": "github"
      }
    },
    "nixpkgs_2": {
      "locked": {
        "lastModified": 1698134075,
        "narHash": "sha256-foCD+nuKzfh49bIoiCBur4+Fx1nozo+4C/6k8BYk4sg=",
        "owner": "NixOS",
        "repo": "nixpkgs",
        "rev": "8efd5d1e283604f75a808a20e6cde0ef313d07d4",
        "type": "github"
      },
      "original": {
        "owner": "NixOS",
        "ref": "nixos-unstable",
        "repo": "nixpkgs",
        "type": "github"
      }
    },
    "nixpkgs_3": {
      "locked": {
        "lastModified": 1698553279,
        "narHash": "sha256-T/9P8yBSLcqo/v+FTOBK+0rjzjPMctVymZydbvR/Fak=",
        "owner": "NixOS",
        "repo": "nixpkgs",
        "rev": "90e85bc7c1a6fc0760a94ace129d3a1c61c3d035",
        "type": "github"
      },
      "original": {
        "id": "nixpkgs",
        "type": "indirect"
      }
    },
    "nixpkgs_4": {
      "locked": {
        "lastModified": 1691186842,
        "narHash": "sha256-wxBVCvZUwq+XS4N4t9NqsHV4E64cPVqQ2fdDISpjcw0=",
        "owner": "nixos",
        "repo": "nixpkgs",
        "rev": "18036c0be90f4e308ae3ebcab0e14aae0336fe42",
        "type": "github"
      },
      "original": {
        "owner": "nixos",
        "ref": "nixos-unstable",
        "repo": "nixpkgs",
        "type": "github"
      }
    },
    "nixpkgs_5": {
      "locked": {
        "lastModified": 1699343069,
        "narHash": "sha256-s7BBhyLA6MI6FuJgs4F/SgpntHBzz40/qV0xLPW6A1Q=",
        "owner": "NixOS",
        "repo": "nixpkgs",
        "rev": "ec750fd01963ab6b20ee1f0cb488754e8036d89d",
        "type": "github"
      },
      "original": {
        "owner": "NixOS",
        "ref": "nixpkgs-unstable",
        "repo": "nixpkgs",
        "type": "github"
      }
    },
    "nixpkgs_6": {
      "locked": {
        "lastModified": 1699781429,
        "narHash": "sha256-UYefjidASiLORAjIvVsUHG6WBtRhM67kTjEY4XfZOFs=",
        "owner": "nixos",
        "repo": "nixpkgs",
        "rev": "e44462d6021bfe23dfb24b775cc7c390844f773d",
        "type": "github"
      },
      "original": {
        "owner": "nixos",
        "ref": "nixos-unstable",
        "repo": "nixpkgs",
        "type": "github"
      }
    },
    "nixpkgs_7": {
      "locked": {
        "lastModified": 1699343069,
        "narHash": "sha256-s7BBhyLA6MI6FuJgs4F/SgpntHBzz40/qV0xLPW6A1Q=",
        "owner": "nixos",
        "repo": "nixpkgs",
        "rev": "ec750fd01963ab6b20ee1f0cb488754e8036d89d",
        "type": "github"
      },
      "original": {
        "owner": "nixos",
        "ref": "nixpkgs-unstable",
        "repo": "nixpkgs",
        "type": "github"
      }
    },
    "pre-commit-hooks": {
      "inputs": {
        "flake-compat": [
          "prismlauncher",
          "flake-compat"
        ],
        "flake-utils": "flake-utils_2",
        "gitignore": "gitignore",
        "nixpkgs": [
          "prismlauncher",
          "nixpkgs"
        ],
        "nixpkgs-stable": [
          "prismlauncher",
          "nixpkgs"
        ]
      },
      "locked": {
        "lastModified": 1699271226,
        "narHash": "sha256-8Jt1KW3xTjolD6c6OjJm9USx/jmL+VVmbooADCkdDfU=",
        "owner": "cachix",
        "repo": "pre-commit-hooks.nix",
        "rev": "ea758da1a6dcde6dc36db348ed690d09b9864128",
        "type": "github"
      },
      "original": {
        "owner": "cachix",
        "repo": "pre-commit-hooks.nix",
        "type": "github"
      }
    },
    "prismlauncher": {
      "inputs": {
        "flake-compat": "flake-compat_2",
        "flake-parts": "flake-parts_4",
        "libnbtplusplus": "libnbtplusplus",
        "nix-filter": "nix-filter_2",
        "nixpkgs": "nixpkgs_7",
        "pre-commit-hooks": "pre-commit-hooks"
      },
      "locked": {
        "lastModified": 1699860753,
        "narHash": "sha256-bCZYkt7VyOfF0yRPjQhM6BT2DYWKMzkJDYHDSHHdDS4=",
        "owner": "PrismLauncher",
        "repo": "PrismLauncher",
        "rev": "a3445cbbdd023c7948468edcddd540dd7f7dfd68",
        "type": "github"
      },
      "original": {
        "owner": "PrismLauncher",
        "repo": "PrismLauncher",
        "type": "github"
      }
    },
    "root": {
      "inputs": {
        "ags": "ags",
        "anyrun": "anyrun",
        "deploy-rs": "deploy-rs",
        "home-manager": "home-manager",
        "hyprland": "hyprland",
        "hyprland-plugins": "hyprland-plugins",
        "ironbar": "ironbar",
        "matugen": "matugen",
        "nh": "nh",
        "nix-gaming": "nix-gaming",
        "nix-index-database": "nix-index-database",
        "nixpkgs": "nixpkgs_6",
        "prismlauncher": "prismlauncher",
        "sops-nix": "sops-nix"
      }
    },
    "rust-overlay": {
      "inputs": {
        "flake-utils": "flake-utils",
        "nixpkgs": [
          "ironbar",
          "nixpkgs"
        ]
      },
      "locked": {
        "lastModified": 1698726852,
        "narHash": "sha256-V1S4TTzg++GzPc96i/yy4jib+7/xU0LXHcggm9MllMM=",
        "owner": "oxalica",
        "repo": "rust-overlay",
        "rev": "ec19bd20af08f3b004089cc12ab54c823ed899b7",
        "type": "github"
      },
      "original": {
        "owner": "oxalica",
        "repo": "rust-overlay",
        "type": "github"
      }
    },
    "sops-nix": {
      "inputs": {
        "nixpkgs": [
          "nixpkgs"
        ],
        "nixpkgs-stable": "nixpkgs-stable"
      },
      "locked": {
        "lastModified": 1699951338,
        "narHash": "sha256-1GeczM7XfgHcYGYiYNcdwSFu3E62vmh4d7mffWZvyzE=",
        "owner": "Mic92",
        "repo": "sops-nix",
        "rev": "0e3a94167dcd10a47b89141f35b2ff9e04b34c46",
        "type": "github"
      },
      "original": {
        "owner": "Mic92",
        "repo": "sops-nix",
        "type": "github"
      }
    },
    "systems": {
      "locked": {
        "lastModified": 1689347949,
        "narHash": "sha256-12tWmuL2zgBgZkdoB6qXZsgJEH9LR3oUgpaQq2RbI80=",
        "owner": "nix-systems",
        "repo": "default-linux",
        "rev": "31732fcf5e8fea42e59c2488ad31a0e651500f68",
        "type": "github"
      },
      "original": {
        "owner": "nix-systems",
        "repo": "default-linux",
        "type": "github"
      }
    },
    "systems_2": {
      "locked": {
        "lastModified": 1681028828,
        "narHash": "sha256-Vy1rq5AaRuLzOxct8nz4T6wlgyUR7zLU309k9mBC768=",
        "owner": "nix-systems",
        "repo": "default",
        "rev": "da67096a3b9bf56a91d16901293e51ba5b49a27e",
        "type": "github"
      },
      "original": {
        "owner": "nix-systems",
        "repo": "default",
        "type": "github"
      }
    },
    "systems_3": {
      "locked": {
        "lastModified": 1681028828,
        "narHash": "sha256-Vy1rq5AaRuLzOxct8nz4T6wlgyUR7zLU309k9mBC768=",
        "owner": "nix-systems",
        "repo": "default",
        "rev": "da67096a3b9bf56a91d16901293e51ba5b49a27e",
        "type": "github"
      },
      "original": {
        "owner": "nix-systems",
        "repo": "default",
        "type": "github"
      }
    },
    "utils": {
      "locked": {
        "lastModified": 1667395993,
        "narHash": "sha256-nuEHfE/LcWyuSWnS8t12N1wc105Qtau+/OdUAjtQ0rA=",
        "owner": "numtide",
        "repo": "flake-utils",
        "rev": "5aed5285a952e0b949eb3ba02c12fa4fcfef535f",
        "type": "github"
      },
      "original": {
        "owner": "numtide",
        "repo": "flake-utils",
        "type": "github"
      }
    },
    "wlroots": {
      "flake": false,
      "locked": {
        "host": "gitlab.freedesktop.org",
        "lastModified": 1699292815,
        "narHash": "sha256-HXu98PyBMKEWLqiTb8viuLDznud/SdkdJsx5A5CWx7I=",
        "owner": "wlroots",
        "repo": "wlroots",
        "rev": "5de9e1a99d6642c2d09d589aa37ff0a8945dcee1",
        "type": "gitlab"
      },
      "original": {
        "host": "gitlab.freedesktop.org",
        "owner": "wlroots",
        "repo": "wlroots",
        "rev": "5de9e1a99d6642c2d09d589aa37ff0a8945dcee1",
        "type": "gitlab"
      }
    },
    "xdph": {
      "inputs": {
        "hyprland-protocols": [
          "hyprland",
          "hyprland-protocols"
        ],
        "nixpkgs": [
          "hyprland",
          "nixpkgs"
        ],
        "systems": [
          "hyprland",
          "systems"
        ]
      },
      "locked": {
        "lastModified": 1697981233,
        "narHash": "sha256-y8q4XUwx+gVK7i2eLjfR32lVo7TYvEslyzrmzYEaPZU=",
        "owner": "hyprwm",
        "repo": "xdg-desktop-portal-hyprland",
        "rev": "22e7a65ff9633e1dedfa5317fdffc49f68de2ff2",
        "type": "github"
      },
      "original": {
        "owner": "hyprwm",
        "repo": "xdg-desktop-portal-hyprland",
        "type": "github"
      }
    }
  },
  "root": "root",
  "version": 7
}
